{
  "name": "demo",
  "lockfileVersion": 3,
  "requires": true,
  "packages": {
    "": {
      "name": "demo",
      "devDependencies": {
        "janela": "file:../.."
      }
    },
    "../..": {
      "version": "0.1.0",
      "dev": true,
      "license": "MIT",
      "dependencies": {
        "scriptc": "0.0.32"
      },
      "bin": {
        "janela": "bin/janela.mjs",
        "jn": "bin/janela.mjs"
      },
      "engines": {
        "node": ">=18"
      }
    },
    "node_modules/janela": {
      "resolved": "../..",
      "link": true
    }
  }
}
